{
  "name": "static",
  "version": "1.0.0",
  "lockfileVersion": 2,
  "requires": true,
  "packages": {
    "": {
      "name": "static",
      "version": "1.0.0",
      "license": "ISC",
      "dependencies": {
        "htmx.org": "^1.9.6",
        "leaflet": "^1.9.4",
        "qr-scanner": "^1.4.2"
      }
    },
    "node_modules/@types/offscreencanvas": {
      "version": "2019.7.1",
      "resolved": "https://registry.npmjs.org/@types/offscreencanvas/-/offscreencanvas-2019.7.1.tgz",
      "integrity": "sha512-+HSrJgjBW77ALieQdMJvXhRZUIRN1597L+BKvsyeiIlHHERnqjcuOLyodK3auJ3Y3zRezNKtKAhuQWYJfEgFHQ=="
    },
    "node_modules/htmx.org": {
      "version": "1.9.6",
      "resolved": "https://registry.npmjs.org/htmx.org/-/htmx.org-1.9.6.tgz",
      "integrity": "sha512-4Zebo9nzg8u2ZHuIJmvB/nQS6kIMLIoEfhTg/oRwyCIJhL5MLA/jPU1EPEBtGOmG4ZG0k05Vpd3sab2+zfvteQ=="
    },
    "node_modules/leaflet": {
      "version": "1.9.4",
      "resolved": "https://registry.npmjs.org/leaflet/-/leaflet-1.9.4.tgz",
      "integrity": "sha512-nxS1ynzJOmOlHp+iL3FyWqK89GtNL8U8rvlMOsQdTTssxZwCXh8N2NB3GDQOL+YR3XnWyZAxwQixURb+FA74PA=="
    },
    "node_modules/qr-scanner": {
      "version": "1.4.2",
      "resolved": "https://registry.npmjs.org/qr-scanner/-/qr-scanner-1.4.2.tgz",
      "integrity": "sha512-kV1yQUe2FENvn59tMZW6mOVfpq9mGxGf8l6+EGaXUOd4RBOLg7tRC83OrirM5AtDvZRpdjdlXURsHreAOSPOUw==",
      "dependencies": {
        "@types/offscreencanvas": "^2019.6.4"
      }
    }
  },
  "dependencies": {
    "@types/offscreencanvas": {
      "version": "2019.7.1",
      "resolved": "https://registry.npmjs.org/@types/offscreencanvas/-/offscreencanvas-2019.7.1.tgz",
      "integrity": "sha512-+HSrJgjBW77ALieQdMJvXhRZUIRN1597L+BKvsyeiIlHHERnqjcuOLyodK3auJ3Y3zRezNKtKAhuQWYJfEgFHQ=="
    },
    "htmx.org": {
      "version": "1.9.6",
      "resolved": "https://registry.npmjs.org/htmx.org/-/htmx.org-1.9.6.tgz",
      "integrity": "sha512-4Zebo9nzg8u2ZHuIJmvB/nQS6kIMLIoEfhTg/oRwyCIJhL5MLA/jPU1EPEBtGOmG4ZG0k05Vpd3sab2+zfvteQ=="
    },
    "leaflet": {
      "version": "1.9.4",
      "resolved": "https://registry.npmjs.org/leaflet/-/leaflet-1.9.4.tgz",
      "integrity": "sha512-nxS1ynzJOmOlHp+iL3FyWqK89GtNL8U8rvlMOsQdTTssxZwCXh8N2NB3GDQOL+YR3XnWyZAxwQixURb+FA74PA=="
    },
    "qr-scanner": {
      "version": "1.4.2",
      "resolved": "https://registry.npmjs.org/qr-scanner/-/qr-scanner-1.4.2.tgz",
      "integrity": "sha512-kV1yQUe2FENvn59tMZW6mOVfpq9mGxGf8l6+EGaXUOd4RBOLg7tRC83OrirM5AtDvZRpdjdlXURsHreAOSPOUw==",
      "requires": {
        "@types/offscreencanvas": "^2019.6.4"
      }
    }
  }
}
